
Microsoft Visual Studio Solution File, Format Version 12.00
# Visual Studio Version 17
VisualStudioVersion = 17.4.32804.182
MinimumVisualStudioVersion = 10.0.40219.1
Project("{9A19103F-16F7-4668-BE54-9A1E7A4F7556}") = "RSS.Scraper.API", "src\RSS.Scraper.API\RSS.Scraper.API.csproj", "{40DAD27A-F97F-46CC-ADD3-C887EDFE3CB6}"
EndProject
Project("{2150E333-8FDC-42A3-9474-1A3956D46DE8}") = "Solution Items", "Solution Items", "{35EF81E5-1704-4FAB-B000-04FC89E28E3E}"
	ProjectSection(SolutionItems) = preProject
		.gitattributes = .gitattributes
		.gitignore = .gitignore
		README.md = README.md
	EndProjectSection
EndProject
Global
	GlobalSection(SolutionConfigurationPlatforms) = preSolution
		Debug|Any CPU = Debug|Any CPU
		Release|Any CPU = Release|Any CPU
	EndGlobalSection
	GlobalSection(ProjectConfigurationPlatforms) = postSolution
		{40DAD27A-F97F-46CC-ADD3-C887EDFE3CB6}.Debug|Any CPU.ActiveCfg = Debug|Any CPU
		{40DAD27A-F97F-46CC-ADD3-C887EDFE3CB6}.Debug|Any CPU.Build.0 = Debug|Any CPU
		{40DAD27A-F97F-46CC-ADD3-C887EDFE3CB6}.Release|Any CPU.ActiveCfg = Release|Any CPU
		{40DAD27A-F97F-46CC-ADD3-C887EDFE3CB6}.Release|Any CPU.Build.0 = Release|Any CPU
	EndGlobalSection
	GlobalSection(SolutionProperties) = preSolution
		HideSolutionNode = FALSE
	EndGlobalSection
	GlobalSection(ExtensibilityGlobals) = postSolution
		SolutionGuid = {D25DB87D-30D5-44E4-9187-FB6FE762F4C0}
	EndGlobalSection
EndGlobal
